
Microsoft Visual Studio Solution File, Format Version 12.00
# Visual Studio Version 16
VisualStudioVersion = 16.0.29709.97
MinimumVisualStudioVersion = 10.0.40219.1
Project("{FAE04EC0-301F-11D3-BF4B-00C04F79EFBC}") = "Library", "Library\Library.csproj", "{2BDB0011-F7DE-4EA1-A32B-2DF7CC8ED34B}"
EndProject
Global
	GlobalSection(SolutionConfigurationPlatforms) = preSolution
		Debug|Any CPU = Debug|Any CPU
		Release|Any CPU = Release|Any CPU
	EndGlobalSection
	GlobalSection(ProjectConfigurationPlatforms) = postSolution
		{2BDB0011-F7DE-4EA1-A32B-2DF7CC8ED34B}.Debug|Any CPU.ActiveCfg = Debug|Any CPU
		{2BDB0011-F7DE-4EA1-A32B-2DF7CC8ED34B}.Debug|Any CPU.Build.0 = Debug|Any CPU
		{2BDB0011-F7DE-4EA1-A32B-2DF7CC8ED34B}.Release|Any CPU.ActiveCfg = Release|Any CPU
		{2BDB0011-F7DE-4EA1-A32B-2DF7CC8ED34B}.Release|Any CPU.Build.0 = Release|Any CPU
	EndGlobalSection
	GlobalSection(SolutionProperties) = preSolution
		HideSolutionNode = FALSE
	EndGlobalSection
	GlobalSection(ExtensibilityGlobals) = postSolution
		SolutionGuid = {64C51B08-78D1-4751-B912-A3AE7BCAC36C}
	EndGlobalSection
EndGlobal
